
Microsoft Visual Studio Solution File, Format Version 12.00
# Visual Studio Version 16
VisualStudioVersion = 16.0.31105.61
MinimumVisualStudioVersion = 10.0.40219.1
Project("{9A19103F-16F7-4668-BE54-9A1E7A4F7556}") = "MicroService.Gateway", "MicroService.Gateway\MicroService.Gateway.csproj", "{86B65537-C298-450E-A974-6F491909ADDC}"
EndProject
Project("{9A19103F-16F7-4668-BE54-9A1E7A4F7556}") = "MicroService.SystemManage", "MicroService.SystemManage\MicroService.SystemManage.csproj", "{0EEF4863-1973-4597-A6C5-0BED8F833090}"
EndProject
Project("{9A19103F-16F7-4668-BE54-9A1E7A4F7556}") = "MicroService.Core", "MicroService.Core\MicroService.Core.csproj", "{914E6202-87A5-4FBC-85F3-27E123694C30}"
EndProject
Project("{9A19103F-16F7-4668-BE54-9A1E7A4F7556}") = "MicroService.Common", "MicroService.Common\MicroService.Common.csproj", "{604D8D56-69CD-461C-A90B-E1213F17A810}"
EndProject
Project("{2150E333-8FDC-42A3-9474-1A3956D46DE8}") = "Solution Items", "Solution Items", "{A8400137-F0FD-4720-A56B-1490F2F294C5}"
	ProjectSection(SolutionItems) = preProject
		.editorconfig = .editorconfig
		README.md = README.md
	EndProjectSection
EndProject
Project("{9A19103F-16F7-4668-BE54-9A1E7A4F7556}") = "MicroService.TaskCenter", "MicroService.TaskCenter\MicroService.TaskCenter.csproj", "{C3806B26-2B15-45DE-ADB6-ACA72823BF1A}"
EndProject
Project("{2150E333-8FDC-42A3-9474-1A3956D46DE8}") = "img", "img", "{9B80E9A9-2ADC-4AE4-A849-79D6EDCEBC1C}"
	ProjectSection(SolutionItems) = preProject
		img\image-20210830182100219.png = img\image-20210830182100219.png
		img\image-20210830182204574.png = img\image-20210830182204574.png
		img\image-20210830182219121.png = img\image-20210830182219121.png
		img\image-20210830182235936.png = img\image-20210830182235936.png
		img\image-20210830182352335.png = img\image-20210830182352335.png
		img\image-20210830182410193.png = img\image-20210830182410193.png
		img\image-20210830182609304.png = img\image-20210830182609304.png
		img\image-20210830182646610.png = img\image-20210830182646610.png
		img\image-20210830182649940.png = img\image-20210830182649940.png
		img\image-20210830182729509.png = img\image-20210830182729509.png
		img\image-20210830182856554.png = img\image-20210830182856554.png
	EndProjectSection
EndProject
Global
	GlobalSection(SolutionConfigurationPlatforms) = preSolution
		Debug|Any CPU = Debug|Any CPU
		Release|Any CPU = Release|Any CPU
	EndGlobalSection
	GlobalSection(ProjectConfigurationPlatforms) = postSolution
		{86B65537-C298-450E-A974-6F491909ADDC}.Debug|Any CPU.ActiveCfg = Debug|Any CPU
		{86B65537-C298-450E-A974-6F491909ADDC}.Debug|Any CPU.Build.0 = Debug|Any CPU
		{86B65537-C298-450E-A974-6F491909ADDC}.Release|Any CPU.ActiveCfg = Release|Any CPU
		{86B65537-C298-450E-A974-6F491909ADDC}.Release|Any CPU.Build.0 = Release|Any CPU
		{0EEF4863-1973-4597-A6C5-0BED8F833090}.Debug|Any CPU.ActiveCfg = Debug|Any CPU
		{0EEF4863-1973-4597-A6C5-0BED8F833090}.Debug|Any CPU.Build.0 = Debug|Any CPU
		{0EEF4863-1973-4597-A6C5-0BED8F833090}.Release|Any CPU.ActiveCfg = Release|Any CPU
		{0EEF4863-1973-4597-A6C5-0BED8F833090}.Release|Any CPU.Build.0 = Release|Any CPU
		{914E6202-87A5-4FBC-85F3-27E123694C30}.Debug|Any CPU.ActiveCfg = Debug|Any CPU
		{914E6202-87A5-4FBC-85F3-27E123694C30}.Debug|Any CPU.Build.0 = Debug|Any CPU
		{914E6202-87A5-4FBC-85F3-27E123694C30}.Release|Any CPU.ActiveCfg = Release|Any CPU
		{914E6202-87A5-4FBC-85F3-27E123694C30}.Release|Any CPU.Build.0 = Release|Any CPU
		{604D8D56-69CD-461C-A90B-E1213F17A810}.Debug|Any CPU.ActiveCfg = Debug|Any CPU
		{604D8D56-69CD-461C-A90B-E1213F17A810}.Debug|Any CPU.Build.0 = Debug|Any CPU
		{604D8D56-69CD-461C-A90B-E1213F17A810}.Release|Any CPU.ActiveCfg = Release|Any CPU
		{604D8D56-69CD-461C-A90B-E1213F17A810}.Release|Any CPU.Build.0 = Release|Any CPU
		{C3806B26-2B15-45DE-ADB6-ACA72823BF1A}.Debug|Any CPU.ActiveCfg = Debug|Any CPU
		{C3806B26-2B15-45DE-ADB6-ACA72823BF1A}.Debug|Any CPU.Build.0 = Debug|Any CPU
		{C3806B26-2B15-45DE-ADB6-ACA72823BF1A}.Release|Any CPU.ActiveCfg = Release|Any CPU
		{C3806B26-2B15-45DE-ADB6-ACA72823BF1A}.Release|Any CPU.Build.0 = Release|Any CPU
	EndGlobalSection
	GlobalSection(SolutionProperties) = preSolution
		HideSolutionNode = FALSE
	EndGlobalSection
	GlobalSection(NestedProjects) = preSolution
		{9B80E9A9-2ADC-4AE4-A849-79D6EDCEBC1C} = {A8400137-F0FD-4720-A56B-1490F2F294C5}
	EndGlobalSection
	GlobalSection(ExtensibilityGlobals) = postSolution
		SolutionGuid = {82EE2B17-F44C-4D8A-B091-3F9C0B35CF1B}
	EndGlobalSection
EndGlobal
